<<<<<<< exam-platform.sln
﻿
Microsoft Visual Studio Solution File, Format Version 12.00
=======
﻿Microsoft Visual Studio Solution File, Format Version 12.00
>>>>>>> exam-platform.sln
# Visual Studio Version 17
VisualStudioVersion = 17.5.2.0
MinimumVisualStudioVersion = 10.0.40219.1
Project("{FAE04EC0-301F-11D3-BF4B-00C04F79EFBC}") = "Exam.Api", "Exam.Api/Exam.Api.csproj", "{BA59CCB2-558F-7146-5FDB-3AFDD0B72D16}"
EndProject
Project("{FAE04EC0-301F-11D3-BF4B-00C04F79EFBC}") = "Exam.IntegrationTests", "Exam.IntegrationTests\Exam.IntegrationTests.csproj", "{21FD468B-377B-411D-AE70-77CAD3CE67F3}"
EndProject
Project("{FAE04EC0-301F-11D3-BF4B-00C04F79EFBC}") = "Exam.Tests", "Exam.Tests/Exam.Tests.csproj", "{B981C598-8058-4899-B962-6462D6D11E85}"
EndProject
Project("{2150E333-8FDC-42A3-9474-1A3956D46DE8}") = "Exam.Models", "Exam.Models", "{8A28C11D-FCFA-6DDD-386B-EF5F65B02EB5}"
EndProject
Project("{FAE04EC0-301F-11D3-BF4B-00C04F79EFBC}") = "models", "Exam.Models\models.csproj", "{D35F67FB-D109-442D-92DF-B2DFC0AE5224}"
EndProject
Project("{2150E333-8FDC-42A3-9474-1A3956D46DE8}") = "Exam.Data", "Exam.Data", "{4A2C161B-A436-CCD8-3EA3-64FC323ACCC1}"
EndProject
Project("{FAE04EC0-301F-11D3-BF4B-00C04F79EFBC}") = "data", "Exam.Data\data.csproj", "{AFD62356-AB00-4CD5-A846-3D52B40197B4}"
EndProject
Project("{2150E333-8FDC-42A3-9474-1A3956D46DE8}") = "Exam.Repo", "Exam.Repo", "{01476F47-9768-56D7-2C44-B2746FCB1C95}"
EndProject
Project("{FAE04EC0-301F-11D3-BF4B-00C04F79EFBC}") = "repositories", "Exam.Repo\repositories.csproj", "{E572A2A7-67D6-4DBE-AD9E-0F37CCF5B492}"
EndProject
Project("{2150E333-8FDC-42A3-9474-1A3956D46DE8}") = "Exam.Service", "Exam.Service", "{AE167CFE-AAF4-79E0-2EE0-31B91782C5FF}"
EndProject
Project("{FAE04EC0-301F-11D3-BF4B-00C04F79EFBC}") = "services", "Exam.Service\services.csproj", "{B9375295-7429-4917-95BF-C93AF0334042}"
EndProject
Global
	GlobalSection(SolutionConfigurationPlatforms) = preSolution
		Debug|Any CPU = Debug|Any CPU
		Debug|x64 = Debug|x64
		Debug|x86 = Debug|x86
		Release|Any CPU = Release|Any CPU
		Release|x64 = Release|x64
		Release|x86 = Release|x86
	EndGlobalSection
	GlobalSection(ProjectConfigurationPlatforms) = postSolution
		{BA59CCB2-558F-7146-5FDB-3AFDD0B72D16}.Debug|Any CPU.ActiveCfg = Debug|Any CPU
		{BA59CCB2-558F-7146-5FDB-3AFDD0B72D16}.Debug|Any CPU.Build.0 = Debug|Any CPU
		{BA59CCB2-558F-7146-5FDB-3AFDD0B72D16}.Debug|x64.ActiveCfg = Debug|Any CPU
		{BA59CCB2-558F-7146-5FDB-3AFDD0B72D16}.Debug|x64.Build.0 = Debug|Any CPU
		{BA59CCB2-558F-7146-5FDB-3AFDD0B72D16}.Debug|x86.ActiveCfg = Debug|Any CPU
		{BA59CCB2-558F-7146-5FDB-3AFDD0B72D16}.Debug|x86.Build.0 = Debug|Any CPU
		{BA59CCB2-558F-7146-5FDB-3AFDD0B72D16}.Release|Any CPU.ActiveCfg = Release|Any CPU
		{BA59CCB2-558F-7146-5FDB-3AFDD0B72D16}.Release|Any CPU.Build.0 = Release|Any CPU
		{BA59CCB2-558F-7146-5FDB-3AFDD0B72D16}.Release|x64.ActiveCfg = Release|Any CPU
		{BA59CCB2-558F-7146-5FDB-3AFDD0B72D16}.Release|x64.Build.0 = Release|Any CPU
		{BA59CCB2-558F-7146-5FDB-3AFDD0B72D16}.Release|x86.ActiveCfg = Release|Any CPU
		{BA59CCB2-558F-7146-5FDB-3AFDD0B72D16}.Release|x86.Build.0 = Release|Any CPU
		{4B518931-4259-41DB-94E9-43C452234504}.Debug|Any CPU.ActiveCfg = Debug|Any CPU
		{4B518931-4259-41DB-94E9-43C452234504}.Debug|Any CPU.Build.0 = Debug|Any CPU
		{4B518931-4259-41DB-94E9-43C452234504}.Debug|x64.ActiveCfg = Debug|Any CPU
		{4B518931-4259-41DB-94E9-43C452234504}.Debug|x64.Build.0 = Debug|Any CPU
		{4B518931-4259-41DB-94E9-43C452234504}.Debug|x86.ActiveCfg = Debug|Any CPU
		{4B518931-4259-41DB-94E9-43C452234504}.Debug|x86.Build.0 = Debug|Any CPU
		{4B518931-4259-41DB-94E9-43C452234504}.Release|Any CPU.ActiveCfg = Release|Any CPU
		{4B518931-4259-41DB-94E9-43C452234504}.Release|Any CPU.Build.0 = Release|Any CPU
		{4B518931-4259-41DB-94E9-43C452234504}.Release|x64.ActiveCfg = Release|Any CPU
		{4B518931-4259-41DB-94E9-43C452234504}.Release|x64.Build.0 = Release|Any CPU
		{4B518931-4259-41DB-94E9-43C452234504}.Release|x86.ActiveCfg = Release|Any CPU
		{4B518931-4259-41DB-94E9-43C452234504}.Release|x86.Build.0 = Release|Any CPU
		{21FD468B-377B-411D-AE70-77CAD3CE67F3}.Debug|Any CPU.ActiveCfg = Debug|Any CPU
		{21FD468B-377B-411D-AE70-77CAD3CE67F3}.Debug|Any CPU.Build.0 = Debug|Any CPU
		{21FD468B-377B-411D-AE70-77CAD3CE67F3}.Debug|x64.ActiveCfg = Debug|Any CPU
		{21FD468B-377B-411D-AE70-77CAD3CE67F3}.Debug|x64.Build.0 = Debug|Any CPU
		{21FD468B-377B-411D-AE70-77CAD3CE67F3}.Debug|x86.ActiveCfg = Debug|Any CPU
		{21FD468B-377B-411D-AE70-77CAD3CE67F3}.Debug|x86.Build.0 = Debug|Any CPU
		{21FD468B-377B-411D-AE70-77CAD3CE67F3}.Release|Any CPU.ActiveCfg = Release|Any CPU
		{21FD468B-377B-411D-AE70-77CAD3CE67F3}.Release|Any CPU.Build.0 = Release|Any CPU
		{21FD468B-377B-411D-AE70-77CAD3CE67F3}.Release|x64.ActiveCfg = Release|Any CPU
		{21FD468B-377B-411D-AE70-77CAD3CE67F3}.Release|x64.Build.0 = Release|Any CPU
		{21FD468B-377B-411D-AE70-77CAD3CE67F3}.Release|x86.ActiveCfg = Release|Any CPU
		{21FD468B-377B-411D-AE70-77CAD3CE67F3}.Release|x86.Build.0 = Release|Any CPU

		{B981C598-8058-4899-B962-6462D6D11E85}.Debug|Any CPU.ActiveCfg = Debug|Any CPU
		{B981C598-8058-4899-B962-6462D6D11E85}.Debug|Any CPU.Build.0 = Debug|Any CPU
		{B981C598-8058-4899-B962-6462D6D11E85}.Debug|x64.ActiveCfg = Debug|Any CPU
		{B981C598-8058-4899-B962-6462D6D11E85}.Debug|x64.Build.0 = Debug|Any CPU
		{B981C598-8058-4899-B962-6462D6D11E85}.Debug|x86.ActiveCfg = Debug|Any CPU
		{B981C598-8058-4899-B962-6462D6D11E85}.Debug|x86.Build.0 = Debug|Any CPU
		{B981C598-8058-4899-B962-6462D6D11E85}.Release|Any CPU.ActiveCfg = Release|Any CPU
		{B981C598-8058-4899-B962-6462D6D11E85}.Release|Any CPU.Build.0 = Release|Any CPU
		{B981C598-8058-4899-B962-6462D6D11E85}.Release|x64.ActiveCfg = Release|Any CPU
		{B981C598-8058-4899-B962-6462D6D11E85}.Release|x64.Build.0 = Release|Any CPU
		{B981C598-8058-4899-B962-6462D6D11E85}.Release|x86.ActiveCfg = Release|Any CPU
		{B981C598-8058-4899-B962-6462D6D11E85}.Release|x86.Build.0 = Release|Any CPU
		{D35F67FB-D109-442D-92DF-B2DFC0AE5224}.Debug|Any CPU.ActiveCfg = Debug|Any CPU
		{D35F67FB-D109-442D-92DF-B2DFC0AE5224}.Debug|Any CPU.Build.0 = Debug|Any CPU
		{D35F67FB-D109-442D-92DF-B2DFC0AE5224}.Debug|x64.ActiveCfg = Debug|Any CPU
		{D35F67FB-D109-442D-92DF-B2DFC0AE5224}.Debug|x64.Build.0 = Debug|Any CPU
		{D35F67FB-D109-442D-92DF-B2DFC0AE5224}.Debug|x86.ActiveCfg = Debug|Any CPU
		{D35F67FB-D109-442D-92DF-B2DFC0AE5224}.Debug|x86.Build.0 = Debug|Any CPU
		{D35F67FB-D109-442D-92DF-B2DFC0AE5224}.Release|Any CPU.ActiveCfg = Release|Any CPU
		{D35F67FB-D109-442D-92DF-B2DFC0AE5224}.Release|Any CPU.Build.0 = Release|Any CPU
		{D35F67FB-D109-442D-92DF-B2DFC0AE5224}.Release|x64.ActiveCfg = Release|Any CPU
		{D35F67FB-D109-442D-92DF-B2DFC0AE5224}.Release|x64.Build.0 = Release|Any CPU
		{D35F67FB-D109-442D-92DF-B2DFC0AE5224}.Release|x86.ActiveCfg = Release|Any CPU
		{D35F67FB-D109-442D-92DF-B2DFC0AE5224}.Release|x86.Build.0 = Release|Any CPU
		{AFD62356-AB00-4CD5-A846-3D52B40197B4}.Debug|Any CPU.ActiveCfg = Debug|Any CPU
		{AFD62356-AB00-4CD5-A846-3D52B40197B4}.Debug|Any CPU.Build.0 = Debug|Any CPU
		{AFD62356-AB00-4CD5-A846-3D52B40197B4}.Debug|x64.ActiveCfg = Debug|Any CPU
		{AFD62356-AB00-4CD5-A846-3D52B40197B4}.Debug|x64.Build.0 = Debug|Any CPU
		{AFD62356-AB00-4CD5-A846-3D52B40197B4}.Debug|x86.ActiveCfg = Debug|Any CPU
		{AFD62356-AB00-4CD5-A846-3D52B40197B4}.Debug|x86.Build.0 = Debug|Any CPU
		{AFD62356-AB00-4CD5-A846-3D52B40197B4}.Release|Any CPU.ActiveCfg = Release|Any CPU
		{AFD62356-AB00-4CD5-A846-3D52B40197B4}.Release|Any CPU.Build.0 = Release|Any CPU
		{AFD62356-AB00-4CD5-A846-3D52B40197B4}.Release|x64.ActiveCfg = Release|Any CPU
		{AFD62356-AB00-4CD5-A846-3D52B40197B4}.Release|x64.Build.0 = Release|Any CPU
		{AFD62356-AB00-4CD5-A846-3D52B40197B4}.Release|x86.ActiveCfg = Release|Any CPU
		{AFD62356-AB00-4CD5-A846-3D52B40197B4}.Release|x86.Build.0 = Release|Any CPU
		{E572A2A7-67D6-4DBE-AD9E-0F37CCF5B492}.Debug|Any CPU.ActiveCfg = Debug|Any CPU
		{E572A2A7-67D6-4DBE-AD9E-0F37CCF5B492}.Debug|Any CPU.Build.0 = Debug|Any CPU
		{E572A2A7-67D6-4DBE-AD9E-0F37CCF5B492}.Debug|x64.ActiveCfg = Debug|Any CPU
		{E572A2A7-67D6-4DBE-AD9E-0F37CCF5B492}.Debug|x64.Build.0 = Debug|Any CPU
		{E572A2A7-67D6-4DBE-AD9E-0F37CCF5B492}.Debug|x86.ActiveCfg = Debug|Any CPU
		{E572A2A7-67D6-4DBE-AD9E-0F37CCF5B492}.Debug|x86.Build.0 = Debug|Any CPU
		{E572A2A7-67D6-4DBE-AD9E-0F37CCF5B492}.Release|Any CPU.ActiveCfg = Release|Any CPU
		{E572A2A7-67D6-4DBE-AD9E-0F37CCF5B492}.Release|Any CPU.Build.0 = Release|Any CPU
		{E572A2A7-67D6-4DBE-AD9E-0F37CCF5B492}.Release|x64.ActiveCfg = Release|Any CPU
		{E572A2A7-67D6-4DBE-AD9E-0F37CCF5B492}.Release|x64.Build.0 = Release|Any CPU
		{E572A2A7-67D6-4DBE-AD9E-0F37CCF5B492}.Release|x86.ActiveCfg = Release|Any CPU
		{E572A2A7-67D6-4DBE-AD9E-0F37CCF5B492}.Release|x86.Build.0 = Release|Any CPU
		{B9375295-7429-4917-95BF-C93AF0334042}.Debug|Any CPU.ActiveCfg = Debug|Any CPU
		{B9375295-7429-4917-95BF-C93AF0334042}.Debug|Any CPU.Build.0 = Debug|Any CPU
		{B9375295-7429-4917-95BF-C93AF0334042}.Debug|x64.ActiveCfg = Debug|Any CPU
		{B9375295-7429-4917-95BF-C93AF0334042}.Debug|x64.Build.0 = Debug|Any CPU
		{B9375295-7429-4917-95BF-C93AF0334042}.Debug|x86.ActiveCfg = Debug|Any CPU
		{B9375295-7429-4917-95BF-C93AF0334042}.Debug|x86.Build.0 = Debug|Any CPU
		{B9375295-7429-4917-95BF-C93AF0334042}.Release|Any CPU.ActiveCfg = Release|Any CPU
		{B9375295-7429-4917-95BF-C93AF0334042}.Release|Any CPU.Build.0 = Release|Any CPU
		{B9375295-7429-4917-95BF-C93AF0334042}.Release|x64.ActiveCfg = Release|Any CPU
		{B9375295-7429-4917-95BF-C93AF0334042}.Release|x64.Build.0 = Release|Any CPU
		{B9375295-7429-4917-95BF-C93AF0334042}.Release|x86.ActiveCfg = Release|Any CPU
		{B9375295-7429-4917-95BF-C93AF0334042}.Release|x86.Build.0 = Release|Any CPU

	EndGlobalSection
	GlobalSection(SolutionProperties) = preSolution
		HideSolutionNode = FALSE
	EndGlobalSection
	GlobalSection(NestedProjects) = preSolution
		{D35F67FB-D109-442D-92DF-B2DFC0AE5224} = {8A28C11D-FCFA-6DDD-386B-EF5F65B02EB5}
		{AFD62356-AB00-4CD5-A846-3D52B40197B4} = {4A2C161B-A436-CCD8-3EA3-64FC323ACCC1}
		{E572A2A7-67D6-4DBE-AD9E-0F37CCF5B492} = {01476F47-9768-56D7-2C44-B2746FCB1C95}
		{B9375295-7429-4917-95BF-C93AF0334042} = {AE167CFE-AAF4-79E0-2EE0-31B91782C5FF}
	EndGlobalSection
EndGlobal